
Microsoft Visual Studio Solution File, Format Version 12.00
# Visual Studio Version 16
VisualStudioVersion = 16.0.30907.101
MinimumVisualStudioVersion = 10.0.40219.1
Project("{9A19103F-16F7-4668-BE54-9A1E7A4F7556}") = "tv_api", "tv_api\tv_api.csproj", "{E8443832-0E0E-494D-9BEF-658D0D5807C2}"
EndProject
Global
	GlobalSection(SolutionConfigurationPlatforms) = preSolution
		Debug|Any CPU = Debug|Any CPU
		Release|Any CPU = Release|Any CPU
	EndGlobalSection
	GlobalSection(ProjectConfigurationPlatforms) = postSolution
		{E8443832-0E0E-494D-9BEF-658D0D5807C2}.Debug|Any CPU.ActiveCfg = Debug|Any CPU
		{E8443832-0E0E-494D-9BEF-658D0D5807C2}.Debug|Any CPU.Build.0 = Debug|Any CPU
		{E8443832-0E0E-494D-9BEF-658D0D5807C2}.Release|Any CPU.ActiveCfg = Release|Any CPU
		{E8443832-0E0E-494D-9BEF-658D0D5807C2}.Release|Any CPU.Build.0 = Release|Any CPU
	EndGlobalSection
	GlobalSection(SolutionProperties) = preSolution
		HideSolutionNode = FALSE
	EndGlobalSection
	GlobalSection(ExtensibilityGlobals) = postSolution
		SolutionGuid = {411A844D-86EE-4276-8FAE-D27455C502DA}
	EndGlobalSection
EndGlobal
